{
  "requires": true,
  "lockfileVersion": 1,
  "dependencies": {
    "angular": {
      "version": "1.6.9",
      "resolved": "https://registry.npmjs.org/angular/-/angular-1.6.9.tgz",
      "integrity": "sha512-6igWH2GIsxV+J38wNWCh8oyjaZsrIPIDO35twloIUyjlF2Yit6UyLAWujHP05ma/LFxTsx4NtYibRoMNBXPR1A=="
    },
    "angular-animate": {
      "version": "1.6.10",
      "resolved": "https://registry.npmjs.org/angular-animate/-/angular-animate-1.6.10.tgz",
      "integrity": "sha512-RU9ZJbTspq0W0x675H5k1DeSgKbAFfp2aiYoNGdlD+wQNKvwwMR5ho+EkDKkx9zE02a5goe8Z6EhhYPQSff9dA=="
    },
    "angular-aria": {
      "version": "1.6.10",
      "resolved": "https://registry.npmjs.org/angular-aria/-/angular-aria-1.6.10.tgz",
      "integrity": "sha512-QO+jSbsnGxLhULD8syFvfH0sQVCKCwDPDCd130ou11HYw4D8vAaU/NG6ufcmnh9XJHTcngAaBe3VVfZefMkiBA=="
    },
    "angular-material": {
      "version": "1.1.8",
      "resolved": "https://registry.npmjs.org/angular-material/-/angular-material-1.1.8.tgz",
      "integrity": "sha512-VNRKB3G65zb1ZNWThb5wyKCuYvjwW9O8O3RZQ4cnDXHxa6YdjnZvkEQnpsiuIvQyqP18itmM+NJZPOPGXxAIaQ=="
    },
    "angular-messages": {
      "version": "1.6.10",
      "resolved": "https://registry.npmjs.org/angular-messages/-/angular-messages-1.6.10.tgz",
      "integrity": "sha512-FpILIYqeBj2fP5U5txnO/cneeKZxdF+WqpBo7tgHXl2BmOVVWKUCEjMmByouYxwn9PFLeipBPjaaDs2/eB/m5A=="
    }
  }
}
